
Microsoft Visual Studio Solution File, Format Version 12.00
# Visual Studio Version 17
VisualStudioVersion = 17.9.34723.18
MinimumVisualStudioVersion = 10.0.40219.1
Project("{9A19103F-16F7-4668-BE54-9A1E7A4F7556}") = "AlexCarterStudentWebSite", "AlexCarterStudentWebSite.csproj", "{9792BC7E-5FE2-4BAC-B849-315BE05BBE00}"
EndProject
Global
	GlobalSection(SolutionConfigurationPlatforms) = preSolution
		Debug|Any CPU = Debug|Any CPU
		Release|Any CPU = Release|Any CPU
	EndGlobalSection
	GlobalSection(ProjectConfigurationPlatforms) = postSolution
		{9792BC7E-5FE2-4BAC-B849-315BE05BBE00}.Debug|Any CPU.ActiveCfg = Debug|Any CPU
		{9792BC7E-5FE2-4BAC-B849-315BE05BBE00}.Debug|Any CPU.Build.0 = Debug|Any CPU
		{9792BC7E-5FE2-4BAC-B849-315BE05BBE00}.Release|Any CPU.ActiveCfg = Release|Any CPU
		{9792BC7E-5FE2-4BAC-B849-315BE05BBE00}.Release|Any CPU.Build.0 = Release|Any CPU
	EndGlobalSection
	GlobalSection(SolutionProperties) = preSolution
		HideSolutionNode = FALSE
	EndGlobalSection
	GlobalSection(ExtensibilityGlobals) = postSolution
		SolutionGuid = {A205F819-74F7-4145-B8BF-0DFA16F1301C}
	EndGlobalSection
EndGlobal
